// !$*UTF8*$!
{
	archiveVersion = 1;
	classes = {
	};
	objectVersion = 50;
	objects = {

/* Begin PBXBuildFile section */
		C923935521BDECCB00562FAF /* ExercisesTableViewController.swift in Sources */ = {isa = PBXBuildFile; fileRef = C923935421BDECCB00562FAF /* ExercisesTableViewController.swift */; };
		C9D924CB21BC64CC009058DD /* AppDelegate.swift in Sources */ = {isa = PBXBuildFile; fileRef = C9D924CA21BC64CC009058DD /* AppDelegate.swift */; };
		C9D924CD21BC64CC009058DD /* ViewController.swift in Sources */ = {isa = PBXBuildFile; fileRef = C9D924CC21BC64CC009058DD /* ViewController.swift */; };
		C9D924D021BC64CC009058DD /* Main.storyboard in Resources */ = {isa = PBXBuildFile; fileRef = C9D924CE21BC64CC009058DD /* Main.storyboard */; };
		C9D924D221BC64CD009058DD /* Assets.xcassets in Resources */ = {isa = PBXBuildFile; fileRef = C9D924D121BC64CD009058DD /* Assets.xcassets */; };
		C9D924D521BC64CD009058DD /* LaunchScreen.storyboard in Resources */ = {isa = PBXBuildFile; fileRef = C9D924D321BC64CD009058DD /* LaunchScreen.storyboard */; };
		C9D924E421BC79F7009058DD /* WorkoutsTableViewController.swift in Sources */ = {isa = PBXBuildFile; fileRef = C9D924E321BC79F7009058DD /* WorkoutsTableViewController.swift */; };
/* End PBXBuildFile section */

/* Begin PBXFileReference section */
		C923935421BDECCB00562FAF /* ExercisesTableViewController.swift */ = {isa = PBXFileReference; lastKnownFileType = sourcecode.swift; path = ExercisesTableViewController.swift; sourceTree = "<group>"; };
		C9D924C721BC64CC009058DD /* GymFlow.app */ = {isa = PBXFileReference; explicitFileType = wrapper.application; includeInIndex = 0; path = GymFlow.app; sourceTree = BUILT_PRODUCTS_DIR; };
		C9D924CA21BC64CC009058DD /* AppDelegate.swift */ = {isa = PBXFileReference; lastKnownFileType = sourcecode.swift; path = AppDelegate.swift; sourceTree = "<group>"; };
		C9D924CC21BC64CC009058DD /* ViewController.swift */ = {isa = PBXFileReference; lastKnownFileType = sourcecode.swift; path = ViewController.swift; sourceTree = "<group>"; };
		C9D924CF21BC64CC009058DD /* Base */ = {isa = PBXFileReference; lastKnownFileType = file.storyboard; name = Base; path = Base.lproj/Main.storyboard; sourceTree = "<group>"; };
		C9D924D121BC64CD009058DD /* Assets.xcassets */ = {isa = PBXFileReference; lastKnownFileType = folder.assetcatalog; path = Assets.xcassets; sourceTree = "<group>"; };
		C9D924D421BC64CD009058DD /* Base */ = {isa = PBXFileReference; lastKnownFileType = file.storyboard; name = Base; path = Base.lproj/LaunchScreen.storyboard; sourceTree = "<group>"; };
		C9D924D621BC64CD009058DD /* Info.plist */ = {isa = PBXFileReference; lastKnownFileType = text.plist.xml; path = Info.plist; sourceTree = "<group>"; };
		C9D924E321BC79F7009058DD /* WorkoutsTableViewController.swift */ = {isa = PBXFileReference; lastKnownFileType = sourcecode.swift; path = WorkoutsTableViewController.swift; sourceTree = "<group>"; };
/* End PBXFileReference section */

/* Begin PBXFrameworksBuildPhase section */
		C9D924C421BC64CC009058DD /* Frameworks */ = {
			isa = PBXFrameworksBuildPhase;
			buildActionMask = 2147483647;
			files = (
			);
			runOnlyForDeploymentPostprocessing = 0;
		};
/* End PBXFrameworksBuildPhase section */

/* Begin PBXGroup section */
		C9D924BE21BC64CC009058DD = {
			isa = PBXGroup;
			children = (
				C9D924C921BC64CC009058DD /* GymFlow */,
				C9D924C821BC64CC009058DD /* Products */,
			);
			sourceTree = "<group>";
		};
		C9D924C821BC64CC009058DD /* Products */ = {
			isa = PBXGroup;
			children = (
				C9D924C721BC64CC009058DD /* GymFlow.app */,
			);
			name = Products;
			sourceTree = "<group>";
		};
		C9D924C921BC64CC009058DD /* GymFlow */ = {
			isa = PBXGroup;
			children = (
				C9D924E521BC7A0E009058DD /* Controllers */,
				C9D924CA21BC64CC009058DD /* AppDelegate.swift */,
				C9D924CC21BC64CC009058DD /* ViewController.swift */,
				C9D924CE21BC64CC009058DD /* Main.storyboard */,
				C9D924D121BC64CD009058DD /* Assets.xcassets */,
				C9D924D321BC64CD009058DD /* LaunchScreen.storyboard */,
				C9D924D621BC64CD009058DD /* Info.plist */,
			);
			path = GymFlow;
			sourceTree = "<group>";
		};
		C9D924E521BC7A0E009058DD /* Controllers */ = {
			isa = PBXGroup;
			children = (
				C9D924E321BC79F7009058DD /* WorkoutsTableViewController.swift */,
				C923935421BDECCB00562FAF /* ExercisesTableViewController.swift */,
			);
			path = Controllers;
			sourceTree = "<group>";
		};
/* End PBXGroup section */

/* Begin PBXNativeTarget section */
		C9D924C621BC64CC009058DD /* GymFlow */ = {
			isa = PBXNativeTarget;
			buildConfigurationList = C9D924D921BC64CD009058DD /* Build configuration list for PBXNativeTarget "GymFlow" */;
			buildPhases = (
				C9D924C321BC64CC009058DD /* Sources */,
				C9D924C421BC64CC009058DD /* Frameworks */,
				C9D924C521BC64CC009058DD /* Resources */,
			);
			buildRules = (
			);
			dependencies = (
			);
			name = GymFlow;
			productName = GymFlow;
			productReference = C9D924C721BC64CC009058DD /* GymFlow.app */;
			productType = "com.apple.product-type.application";
		};
/* End PBXNativeTarget section */

/* Begin PBXProject section */
		C9D924BF21BC64CC009058DD /* Project object */ = {
			isa = PBXProject;
			attributes = {
				LastSwiftUpdateCheck = 1010;
				LastUpgradeCheck = 1010;
				ORGANIZATIONNAME = "DoubleTap Consulting";
				TargetAttributes = {
					C9D924C621BC64CC009058DD = {
						CreatedOnToolsVersion = 10.1;
					};
				};
			};
			buildConfigurationList = C9D924C221BC64CC009058DD /* Build configuration list for PBXProject "GymFlow" */;
			compatibilityVersion = "Xcode 9.3";
			developmentRegion = en;
			hasScannedForEncodings = 0;
			knownRegions = (
				en,
				Base,
			);
			mainGroup = C9D924BE21BC64CC009058DD;
			productRefGroup = C9D924C821BC64CC009058DD /* Products */;
			projectDirPath = "";
			projectRoot = "";
			targets = (
				C9D924C621BC64CC009058DD /* GymFlow */,
			);
		};
/* End PBXProject section */

/* Begin PBXResourcesBuildPhase section */
		C9D924C521BC64CC009058DD /* Resources */ = {
			isa = PBXResourcesBuildPhase;
			buildActionMask = 2147483647;
			files = (
				C9D924D521BC64CD009058DD /* LaunchScreen.storyboard in Resources */,
				C9D924D221BC64CD009058DD /* Assets.xcassets in Resources */,
				C9D924D021BC64CC009058DD /* Main.storyboard in Resources */,
			);
			runOnlyForDeploymentPostprocessing = 0;
		};
/* End PBXResourcesBuildPhase section */

/* Begin PBXSourcesBuildPhase section */
		C9D924C321BC64CC009058DD /* Sources */ = {
			isa = PBXSourcesBuildPhase;
			buildActionMask = 2147483647;
			files = (
				C9D924CD21BC64CC009058DD /* ViewController.swift in Sources */,
				C9D924CB21BC64CC009058DD /* AppDelegate.swift in Sources */,
				C9D924E421BC79F7009058DD /* WorkoutsTableViewController.swift in Sources */,
				C923935521BDECCB00562FAF /* ExercisesTableViewController.swift in Sources */,
			);
			runOnlyForDeploymentPostprocessing = 0;
		};
/* End PBXSourcesBuildPhase section */

/* Begin PBXVariantGroup section */
		C9D924CE21BC64CC009058DD /* Main.storyboard */ = {
			isa = PBXVariantGroup;
			children = (
				C9D924CF21BC64CC009058DD /* Base */,
			);
			name = Main.storyboard;
			sourceTree = "<group>";
		};
		C9D924D321BC64CD009058DD /* LaunchScreen.storyboard */ = {
			isa = PBXVariantGroup;
			children = (
				C9D924D421BC64CD009058DD /* Base */,
			);
			name = LaunchScreen.storyboard;
			sourceTree = "<group>";
		};
/* End PBXVariantGroup section */

/* Begin XCBuildConfiguration section */
		C9D924D721BC64CD009058DD /* Debug */ = {
			isa = XCBuildConfiguration;
			buildSettings = {
				ALWAYS_SEARCH_USER_PATHS = NO;
				CLANG_ANALYZER_NONNULL = YES;
				CLANG_ANALYZER_NUMBER_OBJECT_CONVERSION = YES_AGGRESSIVE;
				CLANG_CXX_LANGUAGE_STANDARD = "gnu++14";
				CLANG_CXX_LIBRARY = "libc++";
				CLANG_ENABLE_MODULES = YES;
				CLANG_ENABLE_OBJC_ARC = YES;
				CLANG_ENABLE_OBJC_WEAK = YES;
				CLANG_WARN_BLOCK_CAPTURE_AUTORELEASING = YES;
				CLANG_WARN_BOOL_CONVERSION = YES;
				CLANG_WARN_COMMA = YES;
				CLANG_WARN_CONSTANT_CONVERSION = YES;
				CLANG_WARN_DEPRECATED_OBJC_IMPLEMENTATIONS = YES;
				CLANG_WARN_DIRECT_OBJC_ISA_USAGE = YES_ERROR;
				CLANG_WARN_DOCUMENTATION_COMMENTS = YES;
				CLANG_WARN_EMPTY_BODY = YES;
				CLANG_WARN_ENUM_CONVERSION = YES;
				CLANG_WARN_INFINITE_RECURSION = YES;
				CLANG_WARN_INT_CONVERSION = YES;
				CLANG_WARN_NON_LITERAL_NULL_CONVERSION = YES;
				CLANG_WARN_OBJC_IMPLICIT_RETAIN_SELF = YES;
				CLANG_WARN_OBJC_LITERAL_CONVERSION = YES;
				CLANG_WARN_OBJC_ROOT_CLASS = YES_ERROR;
				CLANG_WARN_RANGE_LOOP_ANALYSIS = YES;
				CLANG_WARN_STRICT_PROTOTYPES = YES;
				CLANG_WARN_SUSPICIOUS_MOVE = YES;
				CLANG_WARN_UNGUARDED_AVAILABILITY = YES_AGGRESSIVE;
				CLANG_WARN_UNREACHABLE_CODE = YES;
				CLANG_WARN__DUPLICATE_METHOD_MATCH = YES;
				CODE_SIGN_IDENTITY = "iPhone Developer";
				COPY_PHASE_STRIP = NO;
				DEBUG_INFORMATION_FORMAT = dwarf;
				ENABLE_STRICT_OBJC_MSGSEND = YES;
				ENABLE_TESTABILITY = YES;
				GCC_C_LANGUAGE_STANDARD = gnu11;
				GCC_DYNAMIC_NO_PIC = NO;
				GCC_NO_COMMON_BLOCKS = YES;
				GCC_OPTIMIZATION_LEVEL = 0;
				GCC_PREPROCESSOR_DEFINITIONS = (
					"DEBUG=1",
					"$(inherited)",
				);
				GCC_WARN_64_TO_32_BIT_CONVERSION = YES;
				GCC_WARN_ABOUT_RETURN_TYPE = YES_ERROR;
				GCC_WARN_UNDECLARED_SELECTOR = YES;
				GCC_WARN_UNINITIALIZED_AUTOS = YES_AGGRESSIVE;
				GCC_WARN_UNUSED_FUNCTION = YES;
				GCC_WARN_UNUSED_VARIABLE = YES;
				IPHONEOS_DEPLOYMENT_TARGET = 12.1;
				MTL_ENABLE_DEBUG_INFO = INCLUDE_SOURCE;
				MTL_FAST_MATH = YES;
				ONLY_ACTIVE_ARCH = YES;
				SDKROOT = iphoneos;
				SWIFT_ACTIVE_COMPILATION_CONDITIONS = DEBUG;
				SWIFT_OPTIMIZATION_LEVEL = "-Onone";
			};
			name = Debug;
		};
		C9D924D821BC64CD009058DD /* Release */ = {
			isa = XCBuildConfiguration;
			buildSettings = {
				ALWAYS_SEARCH_USER_PATHS = NO;
				CLANG_ANALYZER_NONNULL = YES;
				CLANG_ANALYZER_NUMBER_OBJECT_CONVERSION = YES_AGGRESSIVE;
				CLANG_CXX_LANGUAGE_STANDARD = "gnu++14";
				CLANG_CXX_LIBRARY = "libc++";
				CLANG_ENABLE_MODULES = YES;
				CLANG_ENABLE_OBJC_ARC = YES;
				CLANG_ENABLE_OBJC_WEAK = YES;
				CLANG_WARN_BLOCK_CAPTURE_AUTORELEASING = YES;
				CLANG_WARN_BOOL_CONVERSION = YES;
				CLANG_WARN_COMMA = YES;
				CLANG_WARN_CONSTANT_CONVERSION = YES;
				CLANG_WARN_DEPRECATED_OBJC_IMPLEMENTATIONS = YES;
				CLANG_WARN_DIRECT_OBJC_ISA_USAGE = YES_ERROR;
				CLANG_WARN_DOCUMENTATION_COMMENTS = YES;
				CLANG_WARN_EMPTY_BODY = YES;
				CLANG_WARN_ENUM_CONVERSION = YES;
				CLANG_WARN_INFINITE_RECURSION = YES;
				CLANG_WARN_INT_CONVERSION = YES;
				CLANG_WARN_NON_LITERAL_NULL_CONVERSION = YES;
				CLANG_WARN_OBJC_IMPLICIT_RETAIN_SELF = YES;
				CLANG_WARN_OBJC_LITERAL_CONVERSION = YES;
				CLANG_WARN_OBJC_ROOT_CLASS = YES_ERROR;
				CLANG_WARN_RANGE_LOOP_ANALYSIS = YES;
				CLANG_WARN_STRICT_PROTOTYPES = YES;
				CLANG_WARN_SUSPICIOUS_MOVE = YES;
				CLANG_WARN_UNGUARDED_AVAILABILITY = YES_AGGRESSIVE;
				CLANG_WARN_UNREACHABLE_CODE = YES;
				CLANG_WARN__DUPLICATE_METHOD_MATCH = YES;
				CODE_SIGN_IDENTITY = "iPhone Developer";
				COPY_PHASE_STRIP = NO;
				DEBUG_INFORMATION_FORMAT = "dwarf-with-dsym";
				ENABLE_NS_ASSERTIONS = NO;
				ENABLE_STRICT_OBJC_MSGSEND = YES;
				GCC_C_LANGUAGE_STANDARD = gnu11;
				GCC_NO_COMMON_BLOCKS = YES;
				GCC_WARN_64_TO_32_BIT_CONVERSION = YES;
				GCC_WARN_ABOUT_RETURN_TYPE = YES_ERROR;
				GCC_WARN_UNDECLARED_SELECTOR = YES;
				GCC_WARN_UNINITIALIZED_AUTOS = YES_AGGRESSIVE;
				GCC_WARN_UNUSED_FUNCTION = YES;
				GCC_WARN_UNUSED_VARIABLE = YES;
				IPHONEOS_DEPLOYMENT_TARGET = 12.1;
				MTL_ENABLE_DEBUG_INFO = NO;
				MTL_FAST_MATH = YES;
				SDKROOT = iphoneos;
				SWIFT_COMPILATION_MODE = wholemodule;
				SWIFT_OPTIMIZATION_LEVEL = "-O";
				VALIDATE_PRODUCT = YES;
			};
			name = Release;
		};
		C9D924DA21BC64CD009058DD /* Debug */ = {
			isa = XCBuildConfiguration;
			buildSettings = {
				ASSETCATALOG_COMPILER_APPICON_NAME = AppIcon;
				CODE_SIGN_STYLE = Automatic;
				DEVELOPMENT_TEAM = MXZYJ5LUJG;
				INFOPLIST_FILE = GymFlow/Info.plist;
				LD_RUNPATH_SEARCH_PATHS = (
					"$(inherited)",
					"@executable_path/Frameworks",
				);
				PRODUCT_BUNDLE_IDENTIFIER = doubletapconsulting.GymFlow;
				PRODUCT_NAME = "$(TARGET_NAME)";
				SWIFT_VERSION = 4.2;
				TARGETED_DEVICE_FAMILY = 1;
			};
			name = Debug;
		};
		C9D924DB21BC64CD009058DD /* Release */ = {
			isa = XCBuildConfiguration;
			buildSettings = {
				ASSETCATALOG_COMPILER_APPICON_NAME = AppIcon;
				CODE_SIGN_STYLE = Automatic;
				DEVELOPMENT_TEAM = MXZYJ5LUJG;
				INFOPLIST_FILE = GymFlow/Info.plist;
				LD_RUNPATH_SEARCH_PATHS = (
					"$(inherited)",
					"@executable_path/Frameworks",
				);
				PRODUCT_BUNDLE_IDENTIFIER = doubletapconsulting.GymFlow;
				PRODUCT_NAME = "$(TARGET_NAME)";
				SWIFT_VERSION = 4.2;
				TARGETED_DEVICE_FAMILY = 1;
			};
			name = Release;
		};
/* End XCBuildConfiguration section */

/* Begin XCConfigurationList section */
		C9D924C221BC64CC009058DD /* Build configuration list for PBXProject "GymFlow" */ = {
			isa = XCConfigurationList;
			buildConfigurations = (
				C9D924D721BC64CD009058DD /* Debug */,
				C9D924D821BC64CD009058DD /* Release */,
			);
			defaultConfigurationIsVisible = 0;
			defaultConfigurationName = Release;
		};
		C9D924D921BC64CD009058DD /* Build configuration list for PBXNativeTarget "GymFlow" */ = {
			isa = XCConfigurationList;
			buildConfigurations = (
				C9D924DA21BC64CD009058DD /* Debug */,
				C9D924DB21BC64CD009058DD /* Release */,
			);
			defaultConfigurationIsVisible = 0;
			defaultConfigurationName = Release;
		};
/* End XCConfigurationList section */
	};
	rootObject = C9D924BF21BC64CC009058DD /* Project object */;
}
